
Microsoft Visual Studio Solution File, Format Version 12.00
# Visual Studio Version 16
VisualStudioVersion = 16.0.29009.5
MinimumVisualStudioVersion = 10.0.40219.1
Project("{FAE04EC0-301F-11D3-BF4B-00C04F79EFBC}") = "ConsoleUtilities", "ConsoleUtilities\ConsoleUtilities.csproj", "{D5074C0C-0087-4546-A284-76053D05EF9B}"
EndProject
Global
	GlobalSection(SolutionConfigurationPlatforms) = preSolution
		Debug|Any CPU = Debug|Any CPU
		Release|Any CPU = Release|Any CPU
	EndGlobalSection
	GlobalSection(ProjectConfigurationPlatforms) = postSolution
		{D5074C0C-0087-4546-A284-76053D05EF9B}.Debug|Any CPU.ActiveCfg = Debug|Any CPU
		{D5074C0C-0087-4546-A284-76053D05EF9B}.Debug|Any CPU.Build.0 = Debug|Any CPU
		{D5074C0C-0087-4546-A284-76053D05EF9B}.Release|Any CPU.ActiveCfg = Release|Any CPU
		{D5074C0C-0087-4546-A284-76053D05EF9B}.Release|Any CPU.Build.0 = Release|Any CPU
	EndGlobalSection
	GlobalSection(SolutionProperties) = preSolution
		HideSolutionNode = FALSE
	EndGlobalSection
	GlobalSection(ExtensibilityGlobals) = postSolution
		SolutionGuid = {152DD848-370F-4F6F-BD5C-9130C23C65B3}
	EndGlobalSection
EndGlobal
